{
  "requires": true,
  "lockfileVersion": 1,
  "dependencies": {
    "html5-boilerplate": {
      "version": "7.1.0",
      "resolved": "https://registry.npmjs.org/html5-boilerplate/-/html5-boilerplate-7.1.0.tgz",
      "integrity": "sha512-hY/elJRuGh5K8WKcibn/kXC1fxiTkcTQvOgaMmascosfVPVxZZyVZsAVlgvYC+ihIuuxHoMzwzfW+uBtRd435A=="
    }
  }
}
